
Microsoft Visual Studio Solution File, Format Version 12.00
# Visual Studio Version 17
VisualStudioVersion = 17.11.35222.181
MinimumVisualStudioVersion = 10.0.40219.1
Project("{FAE04EC0-301F-11D3-BF4B-00C04F79EFBC}") = "МаршрутСборки", "МаршрутСборки\МаршрутСборки.csproj", "{824D8C10-B52F-4A90-8B4C-FD34B3ED536D}"
EndProject
Global
	GlobalSection(SolutionConfigurationPlatforms) = preSolution
		Debug|Any CPU = Debug|Any CPU
		Release|Any CPU = Release|Any CPU
	EndGlobalSection
	GlobalSection(ProjectConfigurationPlatforms) = postSolution
		{824D8C10-B52F-4A90-8B4C-FD34B3ED536D}.Debug|Any CPU.ActiveCfg = Debug|Any CPU
		{824D8C10-B52F-4A90-8B4C-FD34B3ED536D}.Debug|Any CPU.Build.0 = Debug|Any CPU
		{824D8C10-B52F-4A90-8B4C-FD34B3ED536D}.Release|Any CPU.ActiveCfg = Release|Any CPU
		{824D8C10-B52F-4A90-8B4C-FD34B3ED536D}.Release|Any CPU.Build.0 = Release|Any CPU
	EndGlobalSection
	GlobalSection(SolutionProperties) = preSolution
		HideSolutionNode = FALSE
	EndGlobalSection
	GlobalSection(ExtensibilityGlobals) = postSolution
		SolutionGuid = {B950B53F-A770-4464-ABEC-62FAF0E5828B}
	EndGlobalSection
EndGlobal
